
Microsoft Visual Studio Solution File, Format Version 12.00
# Visual Studio Version 17
VisualStudioVersion = 17.2.32630.192
MinimumVisualStudioVersion = 10.0.40219.1
Project("{9A19103F-16F7-4668-BE54-9A1E7A4F7556}") = "Tutorial.WPF", "Tutorial.WPF\Tutorial.WPF.csproj", "{718BA68C-332C-482C-A13C-BD0EA68A4173}"
EndProject
Project("{2150E333-8FDC-42A3-9474-1A3956D46DE8}") = "SerialPort", "SerialPort", "{D8F55EC6-D3EB-4394-8BF9-471813CBFC4A}"
EndProject
Project("{9A19103F-16F7-4668-BE54-9A1E7A4F7556}") = "Wpf.COMPORT", "Wpf.COMPORT\Wpf.COMPORT.csproj", "{E341FF17-9E54-4329-98B8-FADE76AF8A3D}"
EndProject
Project("{2150E333-8FDC-42A3-9474-1A3956D46DE8}") = "FileWatcher", "FileWatcher", "{A511CAFD-9CD3-4DEC-839C-A30741492C9E}"
EndProject
Project("{9A19103F-16F7-4668-BE54-9A1E7A4F7556}") = "Watcher", "Watcher\Watcher.csproj", "{6571439F-4E85-42DD-AFB3-A62BA3582E71}"
EndProject
Project("{2150E333-8FDC-42A3-9474-1A3956D46DE8}") = "WPFBaseics", "WPFBaseics", "{CBCB5670-EC9B-46F0-8EB5-813330AA6ED2}"
EndProject
Project("{9A19103F-16F7-4668-BE54-9A1E7A4F7556}") = "LayoutBasics", "LayoutBasics\LayoutBasics.csproj", "{78C16EA9-FE33-4E6A-84C4-4F81E1F5CE40}"
EndProject
Project("{2150E333-8FDC-42A3-9474-1A3956D46DE8}") = "MVVMBasic", "MVVMBasic", "{DCB81782-734E-4100-90D9-4DB0509FC828}"
EndProject
Project("{9A19103F-16F7-4668-BE54-9A1E7A4F7556}") = "MvvmBasics", "MvvmBasics\MvvmBasics.csproj", "{98C89276-9259-44C9-8819-33CBC54FB086}"
EndProject
Project("{FAE04EC0-301F-11D3-BF4B-00C04F79EFBC}") = "Mvvm.Maui", "Mvvm.Maui\Mvvm.Maui.csproj", "{F25CCF5D-2B92-470D-815F-507995186E33}"
EndProject
Global
	GlobalSection(SolutionConfigurationPlatforms) = preSolution
		All|Any CPU = All|Any CPU
		All|ARM = All|ARM
		All|ARM64 = All|ARM64
		All|x64 = All|x64
		All|x86 = All|x86
		Debug|Any CPU = Debug|Any CPU
		Debug|ARM = Debug|ARM
		Debug|ARM64 = Debug|ARM64
		Debug|x64 = Debug|x64
		Debug|x86 = Debug|x86
		Release|Any CPU = Release|Any CPU
		Release|ARM = Release|ARM
		Release|ARM64 = Release|ARM64
		Release|x64 = Release|x64
		Release|x86 = Release|x86
	EndGlobalSection
	GlobalSection(ProjectConfigurationPlatforms) = postSolution
		{718BA68C-332C-482C-A13C-BD0EA68A4173}.All|Any CPU.ActiveCfg = Release|Any CPU
		{718BA68C-332C-482C-A13C-BD0EA68A4173}.All|Any CPU.Build.0 = Release|Any CPU
		{718BA68C-332C-482C-A13C-BD0EA68A4173}.All|ARM.ActiveCfg = Release|Any CPU
		{718BA68C-332C-482C-A13C-BD0EA68A4173}.All|ARM.Build.0 = Release|Any CPU
		{718BA68C-332C-482C-A13C-BD0EA68A4173}.All|ARM64.ActiveCfg = Release|Any CPU
		{718BA68C-332C-482C-A13C-BD0EA68A4173}.All|ARM64.Build.0 = Release|Any CPU
		{718BA68C-332C-482C-A13C-BD0EA68A4173}.All|x64.ActiveCfg = Release|Any CPU
		{718BA68C-332C-482C-A13C-BD0EA68A4173}.All|x64.Build.0 = Release|Any CPU
		{718BA68C-332C-482C-A13C-BD0EA68A4173}.All|x86.ActiveCfg = Release|Any CPU
		{718BA68C-332C-482C-A13C-BD0EA68A4173}.All|x86.Build.0 = Release|Any CPU
		{718BA68C-332C-482C-A13C-BD0EA68A4173}.Debug|Any CPU.ActiveCfg = Debug|Any CPU
		{718BA68C-332C-482C-A13C-BD0EA68A4173}.Debug|Any CPU.Build.0 = Debug|Any CPU
		{718BA68C-332C-482C-A13C-BD0EA68A4173}.Debug|ARM.ActiveCfg = Debug|Any CPU
		{718BA68C-332C-482C-A13C-BD0EA68A4173}.Debug|ARM.Build.0 = Debug|Any CPU
		{718BA68C-332C-482C-A13C-BD0EA68A4173}.Debug|ARM64.ActiveCfg = Debug|Any CPU
		{718BA68C-332C-482C-A13C-BD0EA68A4173}.Debug|ARM64.Build.0 = Debug|Any CPU
		{718BA68C-332C-482C-A13C-BD0EA68A4173}.Debug|x64.ActiveCfg = Debug|Any CPU
		{718BA68C-332C-482C-A13C-BD0EA68A4173}.Debug|x64.Build.0 = Debug|Any CPU
		{718BA68C-332C-482C-A13C-BD0EA68A4173}.Debug|x86.ActiveCfg = Debug|Any CPU
		{718BA68C-332C-482C-A13C-BD0EA68A4173}.Debug|x86.Build.0 = Debug|Any CPU
		{718BA68C-332C-482C-A13C-BD0EA68A4173}.Release|Any CPU.ActiveCfg = Release|Any CPU
		{718BA68C-332C-482C-A13C-BD0EA68A4173}.Release|Any CPU.Build.0 = Release|Any CPU
		{718BA68C-332C-482C-A13C-BD0EA68A4173}.Release|ARM.ActiveCfg = Release|Any CPU
		{718BA68C-332C-482C-A13C-BD0EA68A4173}.Release|ARM.Build.0 = Release|Any CPU
		{718BA68C-332C-482C-A13C-BD0EA68A4173}.Release|ARM64.ActiveCfg = Release|Any CPU
		{718BA68C-332C-482C-A13C-BD0EA68A4173}.Release|ARM64.Build.0 = Release|Any CPU
		{718BA68C-332C-482C-A13C-BD0EA68A4173}.Release|x64.ActiveCfg = Release|Any CPU
		{718BA68C-332C-482C-A13C-BD0EA68A4173}.Release|x64.Build.0 = Release|Any CPU
		{718BA68C-332C-482C-A13C-BD0EA68A4173}.Release|x86.ActiveCfg = Release|Any CPU
		{718BA68C-332C-482C-A13C-BD0EA68A4173}.Release|x86.Build.0 = Release|Any CPU
		{E341FF17-9E54-4329-98B8-FADE76AF8A3D}.All|Any CPU.ActiveCfg = Release|Any CPU
		{E341FF17-9E54-4329-98B8-FADE76AF8A3D}.All|Any CPU.Build.0 = Release|Any CPU
		{E341FF17-9E54-4329-98B8-FADE76AF8A3D}.All|ARM.ActiveCfg = Release|Any CPU
		{E341FF17-9E54-4329-98B8-FADE76AF8A3D}.All|ARM.Build.0 = Release|Any CPU
		{E341FF17-9E54-4329-98B8-FADE76AF8A3D}.All|ARM64.ActiveCfg = Release|Any CPU
		{E341FF17-9E54-4329-98B8-FADE76AF8A3D}.All|ARM64.Build.0 = Release|Any CPU
		{E341FF17-9E54-4329-98B8-FADE76AF8A3D}.All|x64.ActiveCfg = Release|Any CPU
		{E341FF17-9E54-4329-98B8-FADE76AF8A3D}.All|x64.Build.0 = Release|Any CPU
		{E341FF17-9E54-4329-98B8-FADE76AF8A3D}.All|x86.ActiveCfg = Release|Any CPU
		{E341FF17-9E54-4329-98B8-FADE76AF8A3D}.All|x86.Build.0 = Release|Any CPU
		{E341FF17-9E54-4329-98B8-FADE76AF8A3D}.Debug|Any CPU.ActiveCfg = Debug|Any CPU
		{E341FF17-9E54-4329-98B8-FADE76AF8A3D}.Debug|Any CPU.Build.0 = Debug|Any CPU
		{E341FF17-9E54-4329-98B8-FADE76AF8A3D}.Debug|ARM.ActiveCfg = Debug|Any CPU
		{E341FF17-9E54-4329-98B8-FADE76AF8A3D}.Debug|ARM.Build.0 = Debug|Any CPU
		{E341FF17-9E54-4329-98B8-FADE76AF8A3D}.Debug|ARM64.ActiveCfg = Debug|Any CPU
		{E341FF17-9E54-4329-98B8-FADE76AF8A3D}.Debug|ARM64.Build.0 = Debug|Any CPU
		{E341FF17-9E54-4329-98B8-FADE76AF8A3D}.Debug|x64.ActiveCfg = Debug|Any CPU
		{E341FF17-9E54-4329-98B8-FADE76AF8A3D}.Debug|x64.Build.0 = Debug|Any CPU
		{E341FF17-9E54-4329-98B8-FADE76AF8A3D}.Debug|x86.ActiveCfg = Debug|Any CPU
		{E341FF17-9E54-4329-98B8-FADE76AF8A3D}.Debug|x86.Build.0 = Debug|Any CPU
		{E341FF17-9E54-4329-98B8-FADE76AF8A3D}.Release|Any CPU.ActiveCfg = Release|Any CPU
		{E341FF17-9E54-4329-98B8-FADE76AF8A3D}.Release|Any CPU.Build.0 = Release|Any CPU
		{E341FF17-9E54-4329-98B8-FADE76AF8A3D}.Release|ARM.ActiveCfg = Release|Any CPU
		{E341FF17-9E54-4329-98B8-FADE76AF8A3D}.Release|ARM.Build.0 = Release|Any CPU
		{E341FF17-9E54-4329-98B8-FADE76AF8A3D}.Release|ARM64.ActiveCfg = Release|Any CPU
		{E341FF17-9E54-4329-98B8-FADE76AF8A3D}.Release|ARM64.Build.0 = Release|Any CPU
		{E341FF17-9E54-4329-98B8-FADE76AF8A3D}.Release|x64.ActiveCfg = Release|Any CPU
		{E341FF17-9E54-4329-98B8-FADE76AF8A3D}.Release|x64.Build.0 = Release|Any CPU
		{E341FF17-9E54-4329-98B8-FADE76AF8A3D}.Release|x86.ActiveCfg = Release|Any CPU
		{E341FF17-9E54-4329-98B8-FADE76AF8A3D}.Release|x86.Build.0 = Release|Any CPU
		{6571439F-4E85-42DD-AFB3-A62BA3582E71}.All|Any CPU.ActiveCfg = Release|Any CPU
		{6571439F-4E85-42DD-AFB3-A62BA3582E71}.All|Any CPU.Build.0 = Release|Any CPU
		{6571439F-4E85-42DD-AFB3-A62BA3582E71}.All|ARM.ActiveCfg = Release|Any CPU
		{6571439F-4E85-42DD-AFB3-A62BA3582E71}.All|ARM.Build.0 = Release|Any CPU
		{6571439F-4E85-42DD-AFB3-A62BA3582E71}.All|ARM64.ActiveCfg = Release|Any CPU
		{6571439F-4E85-42DD-AFB3-A62BA3582E71}.All|ARM64.Build.0 = Release|Any CPU
		{6571439F-4E85-42DD-AFB3-A62BA3582E71}.All|x64.ActiveCfg = Release|Any CPU
		{6571439F-4E85-42DD-AFB3-A62BA3582E71}.All|x64.Build.0 = Release|Any CPU
		{6571439F-4E85-42DD-AFB3-A62BA3582E71}.All|x86.ActiveCfg = Release|Any CPU
		{6571439F-4E85-42DD-AFB3-A62BA3582E71}.All|x86.Build.0 = Release|Any CPU
		{6571439F-4E85-42DD-AFB3-A62BA3582E71}.Debug|Any CPU.ActiveCfg = Debug|Any CPU
		{6571439F-4E85-42DD-AFB3-A62BA3582E71}.Debug|Any CPU.Build.0 = Debug|Any CPU
		{6571439F-4E85-42DD-AFB3-A62BA3582E71}.Debug|ARM.ActiveCfg = Debug|Any CPU
		{6571439F-4E85-42DD-AFB3-A62BA3582E71}.Debug|ARM.Build.0 = Debug|Any CPU
		{6571439F-4E85-42DD-AFB3-A62BA3582E71}.Debug|ARM64.ActiveCfg = Debug|Any CPU
		{6571439F-4E85-42DD-AFB3-A62BA3582E71}.Debug|ARM64.Build.0 = Debug|Any CPU
		{6571439F-4E85-42DD-AFB3-A62BA3582E71}.Debug|x64.ActiveCfg = Debug|Any CPU
		{6571439F-4E85-42DD-AFB3-A62BA3582E71}.Debug|x64.Build.0 = Debug|Any CPU
		{6571439F-4E85-42DD-AFB3-A62BA3582E71}.Debug|x86.ActiveCfg = Debug|Any CPU
		{6571439F-4E85-42DD-AFB3-A62BA3582E71}.Debug|x86.Build.0 = Debug|Any CPU
		{6571439F-4E85-42DD-AFB3-A62BA3582E71}.Release|Any CPU.ActiveCfg = Release|Any CPU
		{6571439F-4E85-42DD-AFB3-A62BA3582E71}.Release|Any CPU.Build.0 = Release|Any CPU
		{6571439F-4E85-42DD-AFB3-A62BA3582E71}.Release|ARM.ActiveCfg = Release|Any CPU
		{6571439F-4E85-42DD-AFB3-A62BA3582E71}.Release|ARM.Build.0 = Release|Any CPU
		{6571439F-4E85-42DD-AFB3-A62BA3582E71}.Release|ARM64.ActiveCfg = Release|Any CPU
		{6571439F-4E85-42DD-AFB3-A62BA3582E71}.Release|ARM64.Build.0 = Release|Any CPU
		{6571439F-4E85-42DD-AFB3-A62BA3582E71}.Release|x64.ActiveCfg = Release|Any CPU
		{6571439F-4E85-42DD-AFB3-A62BA3582E71}.Release|x64.Build.0 = Release|Any CPU
		{6571439F-4E85-42DD-AFB3-A62BA3582E71}.Release|x86.ActiveCfg = Release|Any CPU
		{6571439F-4E85-42DD-AFB3-A62BA3582E71}.Release|x86.Build.0 = Release|Any CPU
		{78C16EA9-FE33-4E6A-84C4-4F81E1F5CE40}.All|Any CPU.ActiveCfg = Release|Any CPU
		{78C16EA9-FE33-4E6A-84C4-4F81E1F5CE40}.All|Any CPU.Build.0 = Release|Any CPU
		{78C16EA9-FE33-4E6A-84C4-4F81E1F5CE40}.All|ARM.ActiveCfg = Release|Any CPU
		{78C16EA9-FE33-4E6A-84C4-4F81E1F5CE40}.All|ARM.Build.0 = Release|Any CPU
		{78C16EA9-FE33-4E6A-84C4-4F81E1F5CE40}.All|ARM64.ActiveCfg = Release|Any CPU
		{78C16EA9-FE33-4E6A-84C4-4F81E1F5CE40}.All|ARM64.Build.0 = Release|Any CPU
		{78C16EA9-FE33-4E6A-84C4-4F81E1F5CE40}.All|x64.ActiveCfg = Release|Any CPU
		{78C16EA9-FE33-4E6A-84C4-4F81E1F5CE40}.All|x64.Build.0 = Release|Any CPU
		{78C16EA9-FE33-4E6A-84C4-4F81E1F5CE40}.All|x86.ActiveCfg = Release|Any CPU
		{78C16EA9-FE33-4E6A-84C4-4F81E1F5CE40}.All|x86.Build.0 = Release|Any CPU
		{78C16EA9-FE33-4E6A-84C4-4F81E1F5CE40}.Debug|Any CPU.ActiveCfg = Debug|Any CPU
		{78C16EA9-FE33-4E6A-84C4-4F81E1F5CE40}.Debug|Any CPU.Build.0 = Debug|Any CPU
		{78C16EA9-FE33-4E6A-84C4-4F81E1F5CE40}.Debug|ARM.ActiveCfg = Debug|Any CPU
		{78C16EA9-FE33-4E6A-84C4-4F81E1F5CE40}.Debug|ARM.Build.0 = Debug|Any CPU
		{78C16EA9-FE33-4E6A-84C4-4F81E1F5CE40}.Debug|ARM64.ActiveCfg = Debug|Any CPU
		{78C16EA9-FE33-4E6A-84C4-4F81E1F5CE40}.Debug|ARM64.Build.0 = Debug|Any CPU
		{78C16EA9-FE33-4E6A-84C4-4F81E1F5CE40}.Debug|x64.ActiveCfg = Debug|Any CPU
		{78C16EA9-FE33-4E6A-84C4-4F81E1F5CE40}.Debug|x64.Build.0 = Debug|Any CPU
		{78C16EA9-FE33-4E6A-84C4-4F81E1F5CE40}.Debug|x86.ActiveCfg = Debug|Any CPU
		{78C16EA9-FE33-4E6A-84C4-4F81E1F5CE40}.Debug|x86.Build.0 = Debug|Any CPU
		{78C16EA9-FE33-4E6A-84C4-4F81E1F5CE40}.Release|Any CPU.ActiveCfg = Release|Any CPU
		{78C16EA9-FE33-4E6A-84C4-4F81E1F5CE40}.Release|Any CPU.Build.0 = Release|Any CPU
		{78C16EA9-FE33-4E6A-84C4-4F81E1F5CE40}.Release|ARM.ActiveCfg = Release|Any CPU
		{78C16EA9-FE33-4E6A-84C4-4F81E1F5CE40}.Release|ARM.Build.0 = Release|Any CPU
		{78C16EA9-FE33-4E6A-84C4-4F81E1F5CE40}.Release|ARM64.ActiveCfg = Release|Any CPU
		{78C16EA9-FE33-4E6A-84C4-4F81E1F5CE40}.Release|ARM64.Build.0 = Release|Any CPU
		{78C16EA9-FE33-4E6A-84C4-4F81E1F5CE40}.Release|x64.ActiveCfg = Release|Any CPU
		{78C16EA9-FE33-4E6A-84C4-4F81E1F5CE40}.Release|x64.Build.0 = Release|Any CPU
		{78C16EA9-FE33-4E6A-84C4-4F81E1F5CE40}.Release|x86.ActiveCfg = Release|Any CPU
		{78C16EA9-FE33-4E6A-84C4-4F81E1F5CE40}.Release|x86.Build.0 = Release|Any CPU
		{98C89276-9259-44C9-8819-33CBC54FB086}.All|Any CPU.ActiveCfg = Debug|Any CPU
		{98C89276-9259-44C9-8819-33CBC54FB086}.All|Any CPU.Build.0 = Debug|Any CPU
		{98C89276-9259-44C9-8819-33CBC54FB086}.All|ARM.ActiveCfg = Debug|Any CPU
		{98C89276-9259-44C9-8819-33CBC54FB086}.All|ARM.Build.0 = Debug|Any CPU
		{98C89276-9259-44C9-8819-33CBC54FB086}.All|ARM64.ActiveCfg = Debug|Any CPU
		{98C89276-9259-44C9-8819-33CBC54FB086}.All|ARM64.Build.0 = Debug|Any CPU
		{98C89276-9259-44C9-8819-33CBC54FB086}.All|x64.ActiveCfg = Debug|Any CPU
		{98C89276-9259-44C9-8819-33CBC54FB086}.All|x64.Build.0 = Debug|Any CPU
		{98C89276-9259-44C9-8819-33CBC54FB086}.All|x86.ActiveCfg = Debug|Any CPU
		{98C89276-9259-44C9-8819-33CBC54FB086}.All|x86.Build.0 = Debug|Any CPU
		{98C89276-9259-44C9-8819-33CBC54FB086}.Debug|Any CPU.ActiveCfg = Debug|Any CPU
		{98C89276-9259-44C9-8819-33CBC54FB086}.Debug|Any CPU.Build.0 = Debug|Any CPU
		{98C89276-9259-44C9-8819-33CBC54FB086}.Debug|ARM.ActiveCfg = Debug|Any CPU
		{98C89276-9259-44C9-8819-33CBC54FB086}.Debug|ARM.Build.0 = Debug|Any CPU
		{98C89276-9259-44C9-8819-33CBC54FB086}.Debug|ARM64.ActiveCfg = Debug|Any CPU
		{98C89276-9259-44C9-8819-33CBC54FB086}.Debug|ARM64.Build.0 = Debug|Any CPU
		{98C89276-9259-44C9-8819-33CBC54FB086}.Debug|x64.ActiveCfg = Debug|Any CPU
		{98C89276-9259-44C9-8819-33CBC54FB086}.Debug|x64.Build.0 = Debug|Any CPU
		{98C89276-9259-44C9-8819-33CBC54FB086}.Debug|x86.ActiveCfg = Debug|Any CPU
		{98C89276-9259-44C9-8819-33CBC54FB086}.Debug|x86.Build.0 = Debug|Any CPU
		{98C89276-9259-44C9-8819-33CBC54FB086}.Release|Any CPU.ActiveCfg = Release|Any CPU
		{98C89276-9259-44C9-8819-33CBC54FB086}.Release|Any CPU.Build.0 = Release|Any CPU
		{98C89276-9259-44C9-8819-33CBC54FB086}.Release|ARM.ActiveCfg = Release|Any CPU
		{98C89276-9259-44C9-8819-33CBC54FB086}.Release|ARM.Build.0 = Release|Any CPU
		{98C89276-9259-44C9-8819-33CBC54FB086}.Release|ARM64.ActiveCfg = Release|Any CPU
		{98C89276-9259-44C9-8819-33CBC54FB086}.Release|ARM64.Build.0 = Release|Any CPU
		{98C89276-9259-44C9-8819-33CBC54FB086}.Release|x64.ActiveCfg = Release|Any CPU
		{98C89276-9259-44C9-8819-33CBC54FB086}.Release|x64.Build.0 = Release|Any CPU
		{98C89276-9259-44C9-8819-33CBC54FB086}.Release|x86.ActiveCfg = Release|Any CPU
		{98C89276-9259-44C9-8819-33CBC54FB086}.Release|x86.Build.0 = Release|Any CPU
		{F25CCF5D-2B92-470D-815F-507995186E33}.All|Any CPU.ActiveCfg = Debug|Any CPU
		{F25CCF5D-2B92-470D-815F-507995186E33}.All|Any CPU.Build.0 = Debug|Any CPU
		{F25CCF5D-2B92-470D-815F-507995186E33}.All|Any CPU.Deploy.0 = Debug|Any CPU
		{F25CCF5D-2B92-470D-815F-507995186E33}.All|ARM.ActiveCfg = Debug|Any CPU
		{F25CCF5D-2B92-470D-815F-507995186E33}.All|ARM.Build.0 = Debug|Any CPU
		{F25CCF5D-2B92-470D-815F-507995186E33}.All|ARM.Deploy.0 = Debug|Any CPU
		{F25CCF5D-2B92-470D-815F-507995186E33}.All|ARM64.ActiveCfg = Debug|Any CPU
		{F25CCF5D-2B92-470D-815F-507995186E33}.All|ARM64.Build.0 = Debug|Any CPU
		{F25CCF5D-2B92-470D-815F-507995186E33}.All|ARM64.Deploy.0 = Debug|Any CPU
		{F25CCF5D-2B92-470D-815F-507995186E33}.All|x64.ActiveCfg = Debug|Any CPU
		{F25CCF5D-2B92-470D-815F-507995186E33}.All|x64.Build.0 = Debug|Any CPU
		{F25CCF5D-2B92-470D-815F-507995186E33}.All|x64.Deploy.0 = Debug|Any CPU
		{F25CCF5D-2B92-470D-815F-507995186E33}.All|x86.ActiveCfg = Debug|Any CPU
		{F25CCF5D-2B92-470D-815F-507995186E33}.All|x86.Build.0 = Debug|Any CPU
		{F25CCF5D-2B92-470D-815F-507995186E33}.All|x86.Deploy.0 = Debug|Any CPU
		{F25CCF5D-2B92-470D-815F-507995186E33}.Debug|Any CPU.ActiveCfg = Debug|Any CPU
		{F25CCF5D-2B92-470D-815F-507995186E33}.Debug|Any CPU.Build.0 = Debug|Any CPU
		{F25CCF5D-2B92-470D-815F-507995186E33}.Debug|Any CPU.Deploy.0 = Debug|Any CPU
		{F25CCF5D-2B92-470D-815F-507995186E33}.Debug|ARM.ActiveCfg = Debug|Any CPU
		{F25CCF5D-2B92-470D-815F-507995186E33}.Debug|ARM.Build.0 = Debug|Any CPU
		{F25CCF5D-2B92-470D-815F-507995186E33}.Debug|ARM.Deploy.0 = Debug|Any CPU
		{F25CCF5D-2B92-470D-815F-507995186E33}.Debug|ARM64.ActiveCfg = Debug|Any CPU
		{F25CCF5D-2B92-470D-815F-507995186E33}.Debug|ARM64.Build.0 = Debug|Any CPU
		{F25CCF5D-2B92-470D-815F-507995186E33}.Debug|ARM64.Deploy.0 = Debug|Any CPU
		{F25CCF5D-2B92-470D-815F-507995186E33}.Debug|x64.ActiveCfg = Debug|Any CPU
		{F25CCF5D-2B92-470D-815F-507995186E33}.Debug|x64.Build.0 = Debug|Any CPU
		{F25CCF5D-2B92-470D-815F-507995186E33}.Debug|x64.Deploy.0 = Debug|Any CPU
		{F25CCF5D-2B92-470D-815F-507995186E33}.Debug|x86.ActiveCfg = Debug|Any CPU
		{F25CCF5D-2B92-470D-815F-507995186E33}.Debug|x86.Build.0 = Debug|Any CPU
		{F25CCF5D-2B92-470D-815F-507995186E33}.Debug|x86.Deploy.0 = Debug|Any CPU
		{F25CCF5D-2B92-470D-815F-507995186E33}.Release|Any CPU.ActiveCfg = Release|Any CPU
		{F25CCF5D-2B92-470D-815F-507995186E33}.Release|Any CPU.Build.0 = Release|Any CPU
		{F25CCF5D-2B92-470D-815F-507995186E33}.Release|Any CPU.Deploy.0 = Release|Any CPU
		{F25CCF5D-2B92-470D-815F-507995186E33}.Release|ARM.ActiveCfg = Release|Any CPU
		{F25CCF5D-2B92-470D-815F-507995186E33}.Release|ARM.Build.0 = Release|Any CPU
		{F25CCF5D-2B92-470D-815F-507995186E33}.Release|ARM.Deploy.0 = Release|Any CPU
		{F25CCF5D-2B92-470D-815F-507995186E33}.Release|ARM64.ActiveCfg = Release|Any CPU
		{F25CCF5D-2B92-470D-815F-507995186E33}.Release|ARM64.Build.0 = Release|Any CPU
		{F25CCF5D-2B92-470D-815F-507995186E33}.Release|ARM64.Deploy.0 = Release|Any CPU
		{F25CCF5D-2B92-470D-815F-507995186E33}.Release|x64.ActiveCfg = Release|Any CPU
		{F25CCF5D-2B92-470D-815F-507995186E33}.Release|x64.Build.0 = Release|Any CPU
		{F25CCF5D-2B92-470D-815F-507995186E33}.Release|x64.Deploy.0 = Release|Any CPU
		{F25CCF5D-2B92-470D-815F-507995186E33}.Release|x86.ActiveCfg = Release|Any CPU
		{F25CCF5D-2B92-470D-815F-507995186E33}.Release|x86.Build.0 = Release|Any CPU
		{F25CCF5D-2B92-470D-815F-507995186E33}.Release|x86.Deploy.0 = Release|Any CPU
	EndGlobalSection
	GlobalSection(SolutionProperties) = preSolution
		HideSolutionNode = FALSE
	EndGlobalSection
	GlobalSection(NestedProjects) = preSolution
		{E341FF17-9E54-4329-98B8-FADE76AF8A3D} = {D8F55EC6-D3EB-4394-8BF9-471813CBFC4A}
		{6571439F-4E85-42DD-AFB3-A62BA3582E71} = {A511CAFD-9CD3-4DEC-839C-A30741492C9E}
		{78C16EA9-FE33-4E6A-84C4-4F81E1F5CE40} = {CBCB5670-EC9B-46F0-8EB5-813330AA6ED2}
		{98C89276-9259-44C9-8819-33CBC54FB086} = {DCB81782-734E-4100-90D9-4DB0509FC828}
		{F25CCF5D-2B92-470D-815F-507995186E33} = {DCB81782-734E-4100-90D9-4DB0509FC828}
	EndGlobalSection
	GlobalSection(ExtensibilityGlobals) = postSolution
		SolutionGuid = {F08F3C18-234C-4E6A-A5FE-494166C1E19C}
	EndGlobalSection
EndGlobal
